
Microsoft Visual Studio Solution File, Format Version 12.00
# Visual Studio Version 17
VisualStudioVersion = 17.4.32804.182
MinimumVisualStudioVersion = 10.0.40219.1
Project("{FAE04EC0-301F-11D3-BF4B-00C04F79EFBC}") = "OutfitChooserAdventureGame", "OutfitChooserAdventureGame\OutfitChooserAdventureGame.csproj", "{2B0D5054-6146-480C-B2E6-A9EFA7A082CB}"
EndProject
Global
	GlobalSection(SolutionConfigurationPlatforms) = preSolution
		Debug|Any CPU = Debug|Any CPU
		Release|Any CPU = Release|Any CPU
	EndGlobalSection
	GlobalSection(ProjectConfigurationPlatforms) = postSolution
		{2B0D5054-6146-480C-B2E6-A9EFA7A082CB}.Debug|Any CPU.ActiveCfg = Debug|Any CPU
		{2B0D5054-6146-480C-B2E6-A9EFA7A082CB}.Debug|Any CPU.Build.0 = Debug|Any CPU
		{2B0D5054-6146-480C-B2E6-A9EFA7A082CB}.Release|Any CPU.ActiveCfg = Release|Any CPU
		{2B0D5054-6146-480C-B2E6-A9EFA7A082CB}.Release|Any CPU.Build.0 = Release|Any CPU
	EndGlobalSection
	GlobalSection(SolutionProperties) = preSolution
		HideSolutionNode = FALSE
	EndGlobalSection
	GlobalSection(ExtensibilityGlobals) = postSolution
		SolutionGuid = {1E588F5D-07BE-4EB1-8C30-941C30FC8D27}
	EndGlobalSection
EndGlobal
